// !$*UTF8*$!
{
	archiveVersion = 1;
	classes = {
	};
	objectVersion = 56;
	objects = {

/* Begin PBXBuildFile section */
		32574BA02B1B42B10064167E /* Constants.swift in Sources */ = {isa = PBXBuildFile; fileRef = 32574B9F2B1B42B10064167E /* Constants.swift */; };
		32574BA32B1C962A0064167E /* AuthViewController.swift in Sources */ = {isa = PBXBuildFile; fileRef = 32574BA22B1C962A0064167E /* AuthViewController.swift */; };
		32574BA52B1CF6B30064167E /* WebViewViewController.swift in Sources */ = {isa = PBXBuildFile; fileRef = 32574BA42B1CF6B30064167E /* WebViewViewController.swift */; };
		3292A60F2B3B5C42000EBDC4 /* SplashViewController.swift in Sources */ = {isa = PBXBuildFile; fileRef = 3292A60E2B3B5C42000EBDC4 /* SplashViewController.swift */; };
		3292A6132B3B5EAC000EBDC4 /* OAuth2Service.swift in Sources */ = {isa = PBXBuildFile; fileRef = 3292A6122B3B5EAC000EBDC4 /* OAuth2Service.swift */; };
		3292A6152B3B601B000EBDC4 /* OAuth2TokenStorage.swift in Sources */ = {isa = PBXBuildFile; fileRef = 3292A6142B3B601B000EBDC4 /* OAuth2TokenStorage.swift */; };
		3295914B2AFA7CD400D5BCA2 /* ImagesListCell.swift in Sources */ = {isa = PBXBuildFile; fileRef = 3295914A2AFA7CD400D5BCA2 /* ImagesListCell.swift */; };
		32A1C8972AF433720023D159 /* AppDelegate.swift in Sources */ = {isa = PBXBuildFile; fileRef = 32A1C8962AF433720023D159 /* AppDelegate.swift */; };
		32A1C8992AF433720023D159 /* SceneDelegate.swift in Sources */ = {isa = PBXBuildFile; fileRef = 32A1C8982AF433720023D159 /* SceneDelegate.swift */; };
		32A1C89B2AF433720023D159 /* ImagesListViewController.swift in Sources */ = {isa = PBXBuildFile; fileRef = 32A1C89A2AF433720023D159 /* ImagesListViewController.swift */; };
		32A1C89E2AF433720023D159 /* Main.storyboard in Resources */ = {isa = PBXBuildFile; fileRef = 32A1C89C2AF433720023D159 /* Main.storyboard */; };
		32A1C8A02AF433730023D159 /* Assets.xcassets in Resources */ = {isa = PBXBuildFile; fileRef = 32A1C89F2AF433730023D159 /* Assets.xcassets */; };
		32A1C8A32AF433730023D159 /* LaunchScreen.storyboard in Resources */ = {isa = PBXBuildFile; fileRef = 32A1C8A12AF433730023D159 /* LaunchScreen.storyboard */; };
		32A267BA2B0BEC060019D23B /* Date+Extensions.swift in Sources */ = {isa = PBXBuildFile; fileRef = 32A267B92B0BEC060019D23B /* Date+Extensions.swift */; };
		32BD83D52B17124C00409B4D /* UIColor+Extensions.swift in Sources */ = {isa = PBXBuildFile; fileRef = 32BD83D42B17124C00409B4D /* UIColor+Extensions.swift */; };
		32C350242B5A8BEB006423D5 /* ProgressHUD in Frameworks */ = {isa = PBXBuildFile; productRef = 32C350232B5A8BEB006423D5 /* ProgressHUD */; };
		32C965202B513ED600A003F5 /* ProgressHUD in Frameworks */ = {isa = PBXBuildFile; productRef = 32C9651F2B513ED600A003F5 /* ProgressHUD */; };
		32CC654D2AFC613200751E8D /* GradientInStoryboard+Extensions.swift in Sources */ = {isa = PBXBuildFile; fileRef = 32CC654C2AFC613200751E8D /* GradientInStoryboard+Extensions.swift */; };
		32CD58DB2B5C2346004E56A6 /* URLSession+Extensions.swift in Sources */ = {isa = PBXBuildFile; fileRef = 32CD58DA2B5C2346004E56A6 /* URLSession+Extensions.swift */; };
		32CD87032B13689F00561612 /* SingleImageViewController.swift in Sources */ = {isa = PBXBuildFile; fileRef = 32CD87022B13689F00561612 /* SingleImageViewController.swift */; };
		32D82B352B1332880051540E /* ProfileViewController.swift in Sources */ = {isa = PBXBuildFile; fileRef = 32D82B342B1332880051540E /* ProfileViewController.swift */; };
		32EAE5532B55588D008881D5 /* UIBlockingProgressHUD.swift in Sources */ = {isa = PBXBuildFile; fileRef = 32EAE5522B55588D008881D5 /* UIBlockingProgressHUD.swift */; };
		32EAE5562B55A6F3008881D5 /* ProfileService.swift in Sources */ = {isa = PBXBuildFile; fileRef = 32EAE5552B55A6F3008881D5 /* ProfileService.swift */; };
/* End PBXBuildFile section */

/* Begin PBXFileReference section */
		32574B9F2B1B42B10064167E /* Constants.swift */ = {isa = PBXFileReference; lastKnownFileType = sourcecode.swift; path = Constants.swift; sourceTree = "<group>"; };
		32574BA22B1C962A0064167E /* AuthViewController.swift */ = {isa = PBXFileReference; lastKnownFileType = sourcecode.swift; path = AuthViewController.swift; sourceTree = "<group>"; };
		32574BA42B1CF6B30064167E /* WebViewViewController.swift */ = {isa = PBXFileReference; lastKnownFileType = sourcecode.swift; path = WebViewViewController.swift; sourceTree = "<group>"; };
		3292A60E2B3B5C42000EBDC4 /* SplashViewController.swift */ = {isa = PBXFileReference; lastKnownFileType = sourcecode.swift; path = SplashViewController.swift; sourceTree = "<group>"; };
		3292A6122B3B5EAC000EBDC4 /* OAuth2Service.swift */ = {isa = PBXFileReference; lastKnownFileType = sourcecode.swift; path = OAuth2Service.swift; sourceTree = "<group>"; };
		3292A6142B3B601B000EBDC4 /* OAuth2TokenStorage.swift */ = {isa = PBXFileReference; lastKnownFileType = sourcecode.swift; path = OAuth2TokenStorage.swift; sourceTree = "<group>"; };
		3295914A2AFA7CD400D5BCA2 /* ImagesListCell.swift */ = {isa = PBXFileReference; lastKnownFileType = sourcecode.swift; path = ImagesListCell.swift; sourceTree = "<group>"; };
		32A1C8932AF433720023D159 /* ImageFeed.app */ = {isa = PBXFileReference; explicitFileType = wrapper.application; includeInIndex = 0; path = ImageFeed.app; sourceTree = BUILT_PRODUCTS_DIR; };
		32A1C8962AF433720023D159 /* AppDelegate.swift */ = {isa = PBXFileReference; lastKnownFileType = sourcecode.swift; path = AppDelegate.swift; sourceTree = "<group>"; };
		32A1C8982AF433720023D159 /* SceneDelegate.swift */ = {isa = PBXFileReference; lastKnownFileType = sourcecode.swift; path = SceneDelegate.swift; sourceTree = "<group>"; };
		32A1C89A2AF433720023D159 /* ImagesListViewController.swift */ = {isa = PBXFileReference; lastKnownFileType = sourcecode.swift; path = ImagesListViewController.swift; sourceTree = "<group>"; };
		32A1C89D2AF433720023D159 /* Base */ = {isa = PBXFileReference; lastKnownFileType = file.storyboard; name = Base; path = Base.lproj/Main.storyboard; sourceTree = "<group>"; };
		32A1C89F2AF433730023D159 /* Assets.xcassets */ = {isa = PBXFileReference; lastKnownFileType = folder.assetcatalog; path = Assets.xcassets; sourceTree = "<group>"; };
		32A1C8A22AF433730023D159 /* Base */ = {isa = PBXFileReference; lastKnownFileType = file.storyboard; name = Base; path = Base.lproj/LaunchScreen.storyboard; sourceTree = "<group>"; };
		32A1C8A42AF433730023D159 /* Info.plist */ = {isa = PBXFileReference; lastKnownFileType = text.plist.xml; path = Info.plist; sourceTree = "<group>"; };
		32A267B92B0BEC060019D23B /* Date+Extensions.swift */ = {isa = PBXFileReference; lastKnownFileType = sourcecode.swift; path = "Date+Extensions.swift"; sourceTree = "<group>"; };
		32BD83D42B17124C00409B4D /* UIColor+Extensions.swift */ = {isa = PBXFileReference; lastKnownFileType = sourcecode.swift; path = "UIColor+Extensions.swift"; sourceTree = "<group>"; };
		32CC654C2AFC613200751E8D /* GradientInStoryboard+Extensions.swift */ = {isa = PBXFileReference; lastKnownFileType = sourcecode.swift; path = "GradientInStoryboard+Extensions.swift"; sourceTree = "<group>"; };
		32CD58DA2B5C2346004E56A6 /* URLSession+Extensions.swift */ = {isa = PBXFileReference; lastKnownFileType = sourcecode.swift; path = "URLSession+Extensions.swift"; sourceTree = "<group>"; };
		32CD87022B13689F00561612 /* SingleImageViewController.swift */ = {isa = PBXFileReference; lastKnownFileType = sourcecode.swift; path = SingleImageViewController.swift; sourceTree = "<group>"; };
		32D82B342B1332880051540E /* ProfileViewController.swift */ = {isa = PBXFileReference; lastKnownFileType = sourcecode.swift; path = ProfileViewController.swift; sourceTree = "<group>"; };
		32EAE5522B55588D008881D5 /* UIBlockingProgressHUD.swift */ = {isa = PBXFileReference; lastKnownFileType = sourcecode.swift; path = UIBlockingProgressHUD.swift; sourceTree = "<group>"; };
		32EAE5552B55A6F3008881D5 /* ProfileService.swift */ = {isa = PBXFileReference; lastKnownFileType = sourcecode.swift; path = ProfileService.swift; sourceTree = "<group>"; };
/* End PBXFileReference section */

/* Begin PBXFrameworksBuildPhase section */
		32A1C8902AF433720023D159 /* Frameworks */ = {
			isa = PBXFrameworksBuildPhase;
			buildActionMask = 2147483647;
			files = (
				32C965202B513ED600A003F5 /* ProgressHUD in Frameworks */,
				32C350242B5A8BEB006423D5 /* ProgressHUD in Frameworks */,
			);
			runOnlyForDeploymentPostprocessing = 0;
		};
/* End PBXFrameworksBuildPhase section */

/* Begin PBXGroup section */
		32574BA12B1C96090064167E /* Auth */ = {
			isa = PBXGroup;
			children = (
				32574BA22B1C962A0064167E /* AuthViewController.swift */,
				32574BA42B1CF6B30064167E /* WebViewViewController.swift */,
			);
			path = Auth;
			sourceTree = "<group>";
		};
		3292A60D2B3B5C18000EBDC4 /* SplashViewController */ = {
			isa = PBXGroup;
			children = (
				3292A60E2B3B5C42000EBDC4 /* SplashViewController.swift */,
			);
			path = SplashViewController;
			sourceTree = "<group>";
		};
		3292A6102B3B5DAF000EBDC4 /* ServiceAccessLayer */ = {
			isa = PBXGroup;
			children = (
				32EAE5542B55A6D8008881D5 /* Profile */,
				3292A6112B3B5DCB000EBDC4 /* OAuth2 */,
			);
			path = ServiceAccessLayer;
			sourceTree = "<group>";
		};
		3292A6112B3B5DCB000EBDC4 /* OAuth2 */ = {
			isa = PBXGroup;
			children = (
				3292A6122B3B5EAC000EBDC4 /* OAuth2Service.swift */,
				3292A6142B3B601B000EBDC4 /* OAuth2TokenStorage.swift */,
			);
			path = OAuth2;
			sourceTree = "<group>";
		};
		3295914C2AFA7CFE00D5BCA2 /* ImagesList */ = {
			isa = PBXGroup;
			children = (
				32A1C89A2AF433720023D159 /* ImagesListViewController.swift */,
				3295914A2AFA7CD400D5BCA2 /* ImagesListCell.swift */,
			);
			path = ImagesList;
			sourceTree = "<group>";
		};
		32A1C88A2AF433720023D159 = {
			isa = PBXGroup;
			children = (
				32A1C8952AF433720023D159 /* ImageFeed */,
				32A1C8942AF433720023D159 /* Products */,
			);
			sourceTree = "<group>";
		};
		32A1C8942AF433720023D159 /* Products */ = {
			isa = PBXGroup;
			children = (
				32A1C8932AF433720023D159 /* ImageFeed.app */,
			);
			name = Products;
			sourceTree = "<group>";
		};
		32A1C8952AF433720023D159 /* ImageFeed */ = {
			isa = PBXGroup;
			children = (
				3292A6102B3B5DAF000EBDC4 /* ServiceAccessLayer */,
				3292A60D2B3B5C18000EBDC4 /* SplashViewController */,
				32574BA12B1C96090064167E /* Auth */,
				32D82B332B1332540051540E /* ProfileScreen */,
				3295914C2AFA7CFE00D5BCA2 /* ImagesList */,
				32CD87012B13687C00561612 /* SingleImage */,
				32A1C8962AF433720023D159 /* AppDelegate.swift */,
				32A1C8982AF433720023D159 /* SceneDelegate.swift */,
				32A1C89F2AF433730023D159 /* Assets.xcassets */,
				32A1C89C2AF433720023D159 /* Main.storyboard */,
				32A1C8A12AF433730023D159 /* LaunchScreen.storyboard */,
				32A1C8A42AF433730023D159 /* Info.plist */,
				32A267B82B0BEAAB0019D23B /* Helpers */,
				32574B9F2B1B42B10064167E /* Constants.swift */,
			);
			path = ImageFeed;
			sourceTree = "<group>";
		};
		32A267B82B0BEAAB0019D23B /* Helpers */ = {
			isa = PBXGroup;
			children = (
				32CC654C2AFC613200751E8D /* GradientInStoryboard+Extensions.swift */,
				32A267B92B0BEC060019D23B /* Date+Extensions.swift */,
				32BD83D42B17124C00409B4D /* UIColor+Extensions.swift */,
				32EAE5522B55588D008881D5 /* UIBlockingProgressHUD.swift */,
				32CD58DA2B5C2346004E56A6 /* URLSession+Extensions.swift */,
			);
			path = Helpers;
			sourceTree = "<group>";
		};
		32CD87012B13687C00561612 /* SingleImage */ = {
			isa = PBXGroup;
			children = (
				32CD87022B13689F00561612 /* SingleImageViewController.swift */,
			);
			path = SingleImage;
			sourceTree = "<group>";
		};
		32D82B332B1332540051540E /* ProfileScreen */ = {
			isa = PBXGroup;
			children = (
				32D82B342B1332880051540E /* ProfileViewController.swift */,
			);
			path = ProfileScreen;
			sourceTree = "<group>";
		};
		32EAE5542B55A6D8008881D5 /* Profile */ = {
			isa = PBXGroup;
			children = (
				32EAE5552B55A6F3008881D5 /* ProfileService.swift */,
			);
			path = Profile;
			sourceTree = "<group>";
		};
/* End PBXGroup section */

/* Begin PBXNativeTarget section */
		32A1C8922AF433720023D159 /* ImageFeed */ = {
			isa = PBXNativeTarget;
			buildConfigurationList = 32A1C8A72AF433730023D159 /* Build configuration list for PBXNativeTarget "ImageFeed" */;
			buildPhases = (
				32A1C88F2AF433720023D159 /* Sources */,
				32A1C8902AF433720023D159 /* Frameworks */,
				32A1C8912AF433720023D159 /* Resources */,
			);
			buildRules = (
			);
			dependencies = (
			);
			name = ImageFeed;
			packageProductDependencies = (
				32C9651F2B513ED600A003F5 /* ProgressHUD */,
				32C350232B5A8BEB006423D5 /* ProgressHUD */,
			);
			productName = ImageFeed;
			productReference = 32A1C8932AF433720023D159 /* ImageFeed.app */;
			productType = "com.apple.product-type.application";
		};
/* End PBXNativeTarget section */

/* Begin PBXProject section */
		32A1C88B2AF433720023D159 /* Project object */ = {
			isa = PBXProject;
			attributes = {
				BuildIndependentTargetsInParallel = 1;
				LastSwiftUpdateCheck = 1430;
				LastUpgradeCheck = 1500;
				TargetAttributes = {
					32A1C8922AF433720023D159 = {
						CreatedOnToolsVersion = 14.3.1;
					};
				};
			};
			buildConfigurationList = 32A1C88E2AF433720023D159 /* Build configuration list for PBXProject "ImageFeed" */;
			compatibilityVersion = "Xcode 14.0";
			developmentRegion = en;
			hasScannedForEncodings = 0;
			knownRegions = (
				en,
				Base,
			);
			mainGroup = 32A1C88A2AF433720023D159;
			packageReferences = (
				32C9651E2B513ED600A003F5 /* XCRemoteSwiftPackageReference "ProgressHUD" */,
			);
			productRefGroup = 32A1C8942AF433720023D159 /* Products */;
			projectDirPath = "";
			projectRoot = "";
			targets = (
				32A1C8922AF433720023D159 /* ImageFeed */,
			);
		};
/* End PBXProject section */

/* Begin PBXResourcesBuildPhase section */
		32A1C8912AF433720023D159 /* Resources */ = {
			isa = PBXResourcesBuildPhase;
			buildActionMask = 2147483647;
			files = (
				32A1C8A32AF433730023D159 /* LaunchScreen.storyboard in Resources */,
				32A1C8A02AF433730023D159 /* Assets.xcassets in Resources */,
				32A1C89E2AF433720023D159 /* Main.storyboard in Resources */,
			);
			runOnlyForDeploymentPostprocessing = 0;
		};
/* End PBXResourcesBuildPhase section */

/* Begin PBXSourcesBuildPhase section */
		32A1C88F2AF433720023D159 /* Sources */ = {
			isa = PBXSourcesBuildPhase;
			buildActionMask = 2147483647;
			files = (
				32574BA32B1C962A0064167E /* AuthViewController.swift in Sources */,
				32A1C89B2AF433720023D159 /* ImagesListViewController.swift in Sources */,
				3295914B2AFA7CD400D5BCA2 /* ImagesListCell.swift in Sources */,
				32EAE5532B55588D008881D5 /* UIBlockingProgressHUD.swift in Sources */,
				32CC654D2AFC613200751E8D /* GradientInStoryboard+Extensions.swift in Sources */,
				32A1C8972AF433720023D159 /* AppDelegate.swift in Sources */,
				3292A60F2B3B5C42000EBDC4 /* SplashViewController.swift in Sources */,
				32EAE5562B55A6F3008881D5 /* ProfileService.swift in Sources */,
				32CD58DB2B5C2346004E56A6 /* URLSession+Extensions.swift in Sources */,
				32D82B352B1332880051540E /* ProfileViewController.swift in Sources */,
				3292A6132B3B5EAC000EBDC4 /* OAuth2Service.swift in Sources */,
				32574BA02B1B42B10064167E /* Constants.swift in Sources */,
				32574BA52B1CF6B30064167E /* WebViewViewController.swift in Sources */,
				32A1C8992AF433720023D159 /* SceneDelegate.swift in Sources */,
				3292A6152B3B601B000EBDC4 /* OAuth2TokenStorage.swift in Sources */,
				32CD87032B13689F00561612 /* SingleImageViewController.swift in Sources */,
				32BD83D52B17124C00409B4D /* UIColor+Extensions.swift in Sources */,
				32A267BA2B0BEC060019D23B /* Date+Extensions.swift in Sources */,
			);
			runOnlyForDeploymentPostprocessing = 0;
		};
/* End PBXSourcesBuildPhase section */

/* Begin PBXVariantGroup section */
		32A1C89C2AF433720023D159 /* Main.storyboard */ = {
			isa = PBXVariantGroup;
			children = (
				32A1C89D2AF433720023D159 /* Base */,
			);
			name = Main.storyboard;
			sourceTree = "<group>";
		};
		32A1C8A12AF433730023D159 /* LaunchScreen.storyboard */ = {
			isa = PBXVariantGroup;
			children = (
				32A1C8A22AF433730023D159 /* Base */,
			);
			name = LaunchScreen.storyboard;
			sourceTree = "<group>";
		};
/* End PBXVariantGroup section */

/* Begin XCBuildConfiguration section */
		32A1C8A52AF433730023D159 /* Debug */ = {
			isa = XCBuildConfiguration;
			buildSettings = {
				ALWAYS_SEARCH_USER_PATHS = NO;
				CLANG_ANALYZER_NONNULL = YES;
				CLANG_ANALYZER_NUMBER_OBJECT_CONVERSION = YES_AGGRESSIVE;
				CLANG_CXX_LANGUAGE_STANDARD = "gnu++20";
				CLANG_ENABLE_MODULES = YES;
				CLANG_ENABLE_OBJC_ARC = YES;
				CLANG_ENABLE_OBJC_WEAK = YES;
				CLANG_WARN_BLOCK_CAPTURE_AUTORELEASING = YES;
				CLANG_WARN_BOOL_CONVERSION = YES;
				CLANG_WARN_COMMA = YES;
				CLANG_WARN_CONSTANT_CONVERSION = YES;
				CLANG_WARN_DEPRECATED_OBJC_IMPLEMENTATIONS = YES;
				CLANG_WARN_DIRECT_OBJC_ISA_USAGE = YES_ERROR;
				CLANG_WARN_DOCUMENTATION_COMMENTS = YES;
				CLANG_WARN_EMPTY_BODY = YES;
				CLANG_WARN_ENUM_CONVERSION = YES;
				CLANG_WARN_INFINITE_RECURSION = YES;
				CLANG_WARN_INT_CONVERSION = YES;
				CLANG_WARN_NON_LITERAL_NULL_CONVERSION = YES;
				CLANG_WARN_OBJC_IMPLICIT_RETAIN_SELF = YES;
				CLANG_WARN_OBJC_LITERAL_CONVERSION = YES;
				CLANG_WARN_OBJC_ROOT_CLASS = YES_ERROR;
				CLANG_WARN_QUOTED_INCLUDE_IN_FRAMEWORK_HEADER = YES;
				CLANG_WARN_RANGE_LOOP_ANALYSIS = YES;
				CLANG_WARN_STRICT_PROTOTYPES = YES;
				CLANG_WARN_SUSPICIOUS_MOVE = YES;
				CLANG_WARN_UNGUARDED_AVAILABILITY = YES_AGGRESSIVE;
				CLANG_WARN_UNREACHABLE_CODE = YES;
				CLANG_WARN__DUPLICATE_METHOD_MATCH = YES;
				COPY_PHASE_STRIP = NO;
				DEBUG_INFORMATION_FORMAT = dwarf;
				ENABLE_STRICT_OBJC_MSGSEND = YES;
				ENABLE_TESTABILITY = YES;
				ENABLE_USER_SCRIPT_SANDBOXING = YES;
				GCC_C_LANGUAGE_STANDARD = gnu11;
				GCC_DYNAMIC_NO_PIC = NO;
				GCC_NO_COMMON_BLOCKS = YES;
				GCC_OPTIMIZATION_LEVEL = 0;
				GCC_PREPROCESSOR_DEFINITIONS = (
					"DEBUG=1",
					"$(inherited)",
				);
				GCC_WARN_64_TO_32_BIT_CONVERSION = YES;
				GCC_WARN_ABOUT_RETURN_TYPE = YES_ERROR;
				GCC_WARN_UNDECLARED_SELECTOR = YES;
				GCC_WARN_UNINITIALIZED_AUTOS = YES_AGGRESSIVE;
				GCC_WARN_UNUSED_FUNCTION = YES;
				GCC_WARN_UNUSED_VARIABLE = YES;
				IPHONEOS_DEPLOYMENT_TARGET = 16.4;
				MTL_ENABLE_DEBUG_INFO = INCLUDE_SOURCE;
				MTL_FAST_MATH = YES;
				ONLY_ACTIVE_ARCH = YES;
				SDKROOT = iphoneos;
				SWIFT_ACTIVE_COMPILATION_CONDITIONS = DEBUG;
				SWIFT_OPTIMIZATION_LEVEL = "-Onone";
			};
			name = Debug;
		};
		32A1C8A62AF433730023D159 /* Release */ = {
			isa = XCBuildConfiguration;
			buildSettings = {
				ALWAYS_SEARCH_USER_PATHS = NO;
				CLANG_ANALYZER_NONNULL = YES;
				CLANG_ANALYZER_NUMBER_OBJECT_CONVERSION = YES_AGGRESSIVE;
				CLANG_CXX_LANGUAGE_STANDARD = "gnu++20";
				CLANG_ENABLE_MODULES = YES;
				CLANG_ENABLE_OBJC_ARC = YES;
				CLANG_ENABLE_OBJC_WEAK = YES;
				CLANG_WARN_BLOCK_CAPTURE_AUTORELEASING = YES;
				CLANG_WARN_BOOL_CONVERSION = YES;
				CLANG_WARN_COMMA = YES;
				CLANG_WARN_CONSTANT_CONVERSION = YES;
				CLANG_WARN_DEPRECATED_OBJC_IMPLEMENTATIONS = YES;
				CLANG_WARN_DIRECT_OBJC_ISA_USAGE = YES_ERROR;
				CLANG_WARN_DOCUMENTATION_COMMENTS = YES;
				CLANG_WARN_EMPTY_BODY = YES;
				CLANG_WARN_ENUM_CONVERSION = YES;
				CLANG_WARN_INFINITE_RECURSION = YES;
				CLANG_WARN_INT_CONVERSION = YES;
				CLANG_WARN_NON_LITERAL_NULL_CONVERSION = YES;
				CLANG_WARN_OBJC_IMPLICIT_RETAIN_SELF = YES;
				CLANG_WARN_OBJC_LITERAL_CONVERSION = YES;
				CLANG_WARN_OBJC_ROOT_CLASS = YES_ERROR;
				CLANG_WARN_QUOTED_INCLUDE_IN_FRAMEWORK_HEADER = YES;
				CLANG_WARN_RANGE_LOOP_ANALYSIS = YES;
				CLANG_WARN_STRICT_PROTOTYPES = YES;
				CLANG_WARN_SUSPICIOUS_MOVE = YES;
				CLANG_WARN_UNGUARDED_AVAILABILITY = YES_AGGRESSIVE;
				CLANG_WARN_UNREACHABLE_CODE = YES;
				CLANG_WARN__DUPLICATE_METHOD_MATCH = YES;
				COPY_PHASE_STRIP = NO;
				DEBUG_INFORMATION_FORMAT = "dwarf-with-dsym";
				ENABLE_NS_ASSERTIONS = NO;
				ENABLE_STRICT_OBJC_MSGSEND = YES;
				ENABLE_USER_SCRIPT_SANDBOXING = YES;
				GCC_C_LANGUAGE_STANDARD = gnu11;
				GCC_NO_COMMON_BLOCKS = YES;
				GCC_WARN_64_TO_32_BIT_CONVERSION = YES;
				GCC_WARN_ABOUT_RETURN_TYPE = YES_ERROR;
				GCC_WARN_UNDECLARED_SELECTOR = YES;
				GCC_WARN_UNINITIALIZED_AUTOS = YES_AGGRESSIVE;
				GCC_WARN_UNUSED_FUNCTION = YES;
				GCC_WARN_UNUSED_VARIABLE = YES;
				IPHONEOS_DEPLOYMENT_TARGET = 16.4;
				MTL_ENABLE_DEBUG_INFO = NO;
				MTL_FAST_MATH = YES;
				SDKROOT = iphoneos;
				SWIFT_COMPILATION_MODE = wholemodule;
				SWIFT_OPTIMIZATION_LEVEL = "-O";
				VALIDATE_PRODUCT = YES;
			};
			name = Release;
		};
		32A1C8A82AF433730023D159 /* Debug */ = {
			isa = XCBuildConfiguration;
			buildSettings = {
				ASSETCATALOG_COMPILER_APPICON_NAME = AppIcon;
				ASSETCATALOG_COMPILER_GLOBAL_ACCENT_COLOR_NAME = AccentColor;
				CODE_SIGN_STYLE = Automatic;
				CURRENT_PROJECT_VERSION = 1;
				DEVELOPMENT_TEAM = 2ZL4A7F4SY;
				GENERATE_INFOPLIST_FILE = YES;
				INFOPLIST_FILE = ImageFeed/Info.plist;
				INFOPLIST_KEY_UIApplicationSupportsIndirectInputEvents = YES;
				INFOPLIST_KEY_UILaunchStoryboardName = LaunchScreen;
				INFOPLIST_KEY_UIMainStoryboardFile = Main;
				INFOPLIST_KEY_UISupportedInterfaceOrientations = UIInterfaceOrientationPortrait;
				INFOPLIST_KEY_UISupportedInterfaceOrientations_iPad = "UIInterfaceOrientationLandscapeLeft UIInterfaceOrientationLandscapeRight UIInterfaceOrientationPortrait UIInterfaceOrientationPortraitUpsideDown";
				IPHONEOS_DEPLOYMENT_TARGET = 13.0;
				LD_RUNPATH_SEARCH_PATHS = (
					"$(inherited)",
					"@executable_path/Frameworks",
				);
				MARKETING_VERSION = 1.0;
				PRODUCT_BUNDLE_IDENTIFIER = ru.yandex.practicum.ImageFeed;
				PRODUCT_NAME = "$(TARGET_NAME)";
				SUPPORTED_PLATFORMS = "iphoneos iphonesimulator";
				SUPPORTS_MACCATALYST = NO;
				SUPPORTS_MAC_DESIGNED_FOR_IPHONE_IPAD = NO;
				SWIFT_EMIT_LOC_STRINGS = YES;
				SWIFT_VERSION = 5.0;
				TARGETED_DEVICE_FAMILY = 1;
			};
			name = Debug;
		};
		32A1C8A92AF433730023D159 /* Release */ = {
			isa = XCBuildConfiguration;
			buildSettings = {
				ASSETCATALOG_COMPILER_APPICON_NAME = AppIcon;
				ASSETCATALOG_COMPILER_GLOBAL_ACCENT_COLOR_NAME = AccentColor;
				CODE_SIGN_STYLE = Automatic;
				CURRENT_PROJECT_VERSION = 1;
				DEVELOPMENT_TEAM = 2ZL4A7F4SY;
				GENERATE_INFOPLIST_FILE = YES;
				INFOPLIST_FILE = ImageFeed/Info.plist;
				INFOPLIST_KEY_UIApplicationSupportsIndirectInputEvents = YES;
				INFOPLIST_KEY_UILaunchStoryboardName = LaunchScreen;
				INFOPLIST_KEY_UIMainStoryboardFile = Main;
				INFOPLIST_KEY_UISupportedInterfaceOrientations = UIInterfaceOrientationPortrait;
				INFOPLIST_KEY_UISupportedInterfaceOrientations_iPad = "UIInterfaceOrientationLandscapeLeft UIInterfaceOrientationLandscapeRight UIInterfaceOrientationPortrait UIInterfaceOrientationPortraitUpsideDown";
				IPHONEOS_DEPLOYMENT_TARGET = 13.0;
				LD_RUNPATH_SEARCH_PATHS = (
					"$(inherited)",
					"@executable_path/Frameworks",
				);
				MARKETING_VERSION = 1.0;
				PRODUCT_BUNDLE_IDENTIFIER = ru.yandex.practicum.ImageFeed;
				PRODUCT_NAME = "$(TARGET_NAME)";
				SUPPORTED_PLATFORMS = "iphoneos iphonesimulator";
				SUPPORTS_MACCATALYST = NO;
				SUPPORTS_MAC_DESIGNED_FOR_IPHONE_IPAD = NO;
				SWIFT_EMIT_LOC_STRINGS = YES;
				SWIFT_VERSION = 5.0;
				TARGETED_DEVICE_FAMILY = 1;
			};
			name = Release;
		};
/* End XCBuildConfiguration section */

/* Begin XCConfigurationList section */
		32A1C88E2AF433720023D159 /* Build configuration list for PBXProject "ImageFeed" */ = {
			isa = XCConfigurationList;
			buildConfigurations = (
				32A1C8A52AF433730023D159 /* Debug */,
				32A1C8A62AF433730023D159 /* Release */,
			);
			defaultConfigurationIsVisible = 0;
			defaultConfigurationName = Release;
		};
		32A1C8A72AF433730023D159 /* Build configuration list for PBXNativeTarget "ImageFeed" */ = {
			isa = XCConfigurationList;
			buildConfigurations = (
				32A1C8A82AF433730023D159 /* Debug */,
				32A1C8A92AF433730023D159 /* Release */,
			);
			defaultConfigurationIsVisible = 0;
			defaultConfigurationName = Release;
		};
/* End XCConfigurationList section */

/* Begin XCRemoteSwiftPackageReference section */
		32C9651E2B513ED600A003F5 /* XCRemoteSwiftPackageReference "ProgressHUD" */ = {
			isa = XCRemoteSwiftPackageReference;
			repositoryURL = "https://github.com/relatedcode/ProgressHUD";
			requirement = {
				kind = upToNextMajorVersion;
				minimumVersion = 14.1.0;
			};
		};
/* End XCRemoteSwiftPackageReference section */

/* Begin XCSwiftPackageProductDependency section */
		32C350232B5A8BEB006423D5 /* ProgressHUD */ = {
			isa = XCSwiftPackageProductDependency;
			package = 32C9651E2B513ED600A003F5 /* XCRemoteSwiftPackageReference "ProgressHUD" */;
			productName = ProgressHUD;
		};
		32C9651F2B513ED600A003F5 /* ProgressHUD */ = {
			isa = XCSwiftPackageProductDependency;
			package = 32C9651E2B513ED600A003F5 /* XCRemoteSwiftPackageReference "ProgressHUD" */;
			productName = ProgressHUD;
		};
/* End XCSwiftPackageProductDependency section */
	};
	rootObject = 32A1C88B2AF433720023D159 /* Project object */;
}
